// !$*UTF8*$!
{
	archiveVersion = 1;
	classes = {
	};
	objectVersion = 55;
	objects = {

/* Begin PBXBuildFile section */
		C5AF6DCF2B8B7554001AED85 /* IosNeymishevApp.swift in Sources */ = {isa = PBXBuildFile; fileRef = C5AF6DCE2B8B7554001AED85 /* IosNeymishevApp.swift */; };
		C5AF6DD32B8B7556001AED85 /* Assets.xcassets in Resources */ = {isa = PBXBuildFile; fileRef = C5AF6DD22B8B7556001AED85 /* Assets.xcassets */; };
		C5AF6DD62B8B7556001AED85 /* Preview Assets.xcassets in Resources */ = {isa = PBXBuildFile; fileRef = C5AF6DD52B8B7556001AED85 /* Preview Assets.xcassets */; };
		C5AF6DE12B8B7AD3001AED85 /* MainScreen.swift in Sources */ = {isa = PBXBuildFile; fileRef = C5AF6DE02B8B7AD3001AED85 /* MainScreen.swift */; };
		C5AF6DEA2B8B7EA4001AED85 /* NextVisit.swift in Sources */ = {isa = PBXBuildFile; fileRef = C5AF6DE92B8B7EA4001AED85 /* NextVisit.swift */; };
		C5AF6DEC2B8B7F66001AED85 /* Header.swift in Sources */ = {isa = PBXBuildFile; fileRef = C5AF6DEB2B8B7F66001AED85 /* Header.swift */; };
		C5AF6DEE2B8B8054001AED85 /* VisitCard.swift in Sources */ = {isa = PBXBuildFile; fileRef = C5AF6DED2B8B8054001AED85 /* VisitCard.swift */; };
		C5AF6DF02B8BA3E5001AED85 /*  SearchBar.swift in Sources */ = {isa = PBXBuildFile; fileRef = C5AF6DEF2B8BA3E5001AED85 /*  SearchBar.swift */; };
		C5AF6DF22B8BA6A2001AED85 /* ServiceCard.swift in Sources */ = {isa = PBXBuildFile; fileRef = C5AF6DF12B8BA6A2001AED85 /* ServiceCard.swift */; };
		C5AF6DF62B8BB5A6001AED85 /* DoctorLocation.swift in Sources */ = {isa = PBXBuildFile; fileRef = C5AF6DF52B8BB5A6001AED85 /* DoctorLocation.swift */; };
		C5AF6DF82B8BB5D9001AED85 /* DoctorsLocation.swift in Sources */ = {isa = PBXBuildFile; fileRef = C5AF6DF72B8BB5D9001AED85 /* DoctorsLocation.swift */; };
/* End PBXBuildFile section */

/* Begin PBXFileReference section */
		C5AF6DCB2B8B7554001AED85 /* IosNeymishev.app */ = {isa = PBXFileReference; explicitFileType = wrapper.application; includeInIndex = 0; path = IosNeymishev.app; sourceTree = BUILT_PRODUCTS_DIR; };
		C5AF6DCE2B8B7554001AED85 /* IosNeymishevApp.swift */ = {isa = PBXFileReference; lastKnownFileType = sourcecode.swift; path = IosNeymishevApp.swift; sourceTree = "<group>"; };
		C5AF6DD22B8B7556001AED85 /* Assets.xcassets */ = {isa = PBXFileReference; lastKnownFileType = folder.assetcatalog; path = Assets.xcassets; sourceTree = "<group>"; };
		C5AF6DD52B8B7556001AED85 /* Preview Assets.xcassets */ = {isa = PBXFileReference; lastKnownFileType = folder.assetcatalog; path = "Preview Assets.xcassets"; sourceTree = "<group>"; };
		C5AF6DE02B8B7AD3001AED85 /* MainScreen.swift */ = {isa = PBXFileReference; lastKnownFileType = sourcecode.swift; path = MainScreen.swift; sourceTree = "<group>"; };
		C5AF6DE92B8B7EA4001AED85 /* NextVisit.swift */ = {isa = PBXFileReference; lastKnownFileType = sourcecode.swift; path = NextVisit.swift; sourceTree = "<group>"; };
		C5AF6DEB2B8B7F66001AED85 /* Header.swift */ = {isa = PBXFileReference; lastKnownFileType = sourcecode.swift; path = Header.swift; sourceTree = "<group>"; };
		C5AF6DED2B8B8054001AED85 /* VisitCard.swift */ = {isa = PBXFileReference; lastKnownFileType = sourcecode.swift; path = VisitCard.swift; sourceTree = "<group>"; };
		C5AF6DEF2B8BA3E5001AED85 /*  SearchBar.swift */ = {isa = PBXFileReference; lastKnownFileType = sourcecode.swift; path = " SearchBar.swift"; sourceTree = "<group>"; };
		C5AF6DF12B8BA6A2001AED85 /* ServiceCard.swift */ = {isa = PBXFileReference; lastKnownFileType = sourcecode.swift; path = ServiceCard.swift; sourceTree = "<group>"; };
		C5AF6DF52B8BB5A6001AED85 /* DoctorLocation.swift */ = {isa = PBXFileReference; lastKnownFileType = sourcecode.swift; path = DoctorLocation.swift; sourceTree = "<group>"; };
		C5AF6DF72B8BB5D9001AED85 /* DoctorsLocation.swift */ = {isa = PBXFileReference; lastKnownFileType = sourcecode.swift; path = DoctorsLocation.swift; sourceTree = "<group>"; };
/* End PBXFileReference section */

/* Begin PBXFrameworksBuildPhase section */
		C5AF6DC82B8B7554001AED85 /* Frameworks */ = {
			isa = PBXFrameworksBuildPhase;
			buildActionMask = 2147483647;
			files = (
			);
			runOnlyForDeploymentPostprocessing = 0;
		};
/* End PBXFrameworksBuildPhase section */

/* Begin PBXGroup section */
		C5AF6DC22B8B7554001AED85 = {
			isa = PBXGroup;
			children = (
				C5AF6DCD2B8B7554001AED85 /* IosNeymishev */,
				C5AF6DCC2B8B7554001AED85 /* Products */,
			);
			sourceTree = "<group>";
		};
		C5AF6DCC2B8B7554001AED85 /* Products */ = {
			isa = PBXGroup;
			children = (
				C5AF6DCB2B8B7554001AED85 /* IosNeymishev.app */,
			);
			name = Products;
			sourceTree = "<group>";
		};
		C5AF6DCD2B8B7554001AED85 /* IosNeymishev */ = {
			isa = PBXGroup;
			children = (
				C5AF6DE82B8B7E5B001AED85 /* entities */,
				C5AF6DCE2B8B7554001AED85 /* IosNeymishevApp.swift */,
				C5AF6DEB2B8B7F66001AED85 /* Header.swift */,
				C5AF6DEF2B8BA3E5001AED85 /*  SearchBar.swift */,
				C5AF6DE02B8B7AD3001AED85 /* MainScreen.swift */,
				C5AF6DED2B8B8054001AED85 /* VisitCard.swift */,
				C5AF6DF72B8BB5D9001AED85 /* DoctorsLocation.swift */,
				C5AF6DF12B8BA6A2001AED85 /* ServiceCard.swift */,
				C5AF6DD22B8B7556001AED85 /* Assets.xcassets */,
				C5AF6DD42B8B7556001AED85 /* Preview Content */,
			);
			path = IosNeymishev;
			sourceTree = "<group>";
		};
		C5AF6DD42B8B7556001AED85 /* Preview Content */ = {
			isa = PBXGroup;
			children = (
				C5AF6DD52B8B7556001AED85 /* Preview Assets.xcassets */,
			);
			path = "Preview Content";
			sourceTree = "<group>";
		};
		C5AF6DE82B8B7E5B001AED85 /* entities */ = {
			isa = PBXGroup;
			children = (
				C5AF6DE92B8B7EA4001AED85 /* NextVisit.swift */,
				C5AF6DF52B8BB5A6001AED85 /* DoctorLocation.swift */,
			);
			path = entities;
			sourceTree = "<group>";
		};
/* End PBXGroup section */

/* Begin PBXNativeTarget section */
		C5AF6DCA2B8B7554001AED85 /* IosNeymishev */ = {
			isa = PBXNativeTarget;
			buildConfigurationList = C5AF6DD92B8B7556001AED85 /* Build configuration list for PBXNativeTarget "IosNeymishev" */;
			buildPhases = (
				C5AF6DC72B8B7554001AED85 /* Sources */,
				C5AF6DC82B8B7554001AED85 /* Frameworks */,
				C5AF6DC92B8B7554001AED85 /* Resources */,
			);
			buildRules = (
			);
			dependencies = (
			);
			name = IosNeymishev;
			productName = IosNeymishev;
			productReference = C5AF6DCB2B8B7554001AED85 /* IosNeymishev.app */;
			productType = "com.apple.product-type.application";
		};
/* End PBXNativeTarget section */

/* Begin PBXProject section */
		C5AF6DC32B8B7554001AED85 /* Project object */ = {
			isa = PBXProject;
			attributes = {
				BuildIndependentTargetsInParallel = 1;
				LastSwiftUpdateCheck = 1330;
				LastUpgradeCheck = 1330;
				TargetAttributes = {
					C5AF6DCA2B8B7554001AED85 = {
						CreatedOnToolsVersion = 13.3;
					};
				};
			};
			buildConfigurationList = C5AF6DC62B8B7554001AED85 /* Build configuration list for PBXProject "IosNeymishev" */;
			compatibilityVersion = "Xcode 13.0";
			developmentRegion = en;
			hasScannedForEncodings = 0;
			knownRegions = (
				en,
				Base,
			);
			mainGroup = C5AF6DC22B8B7554001AED85;
			productRefGroup = C5AF6DCC2B8B7554001AED85 /* Products */;
			projectDirPath = "";
			projectRoot = "";
			targets = (
				C5AF6DCA2B8B7554001AED85 /* IosNeymishev */,
			);
		};
/* End PBXProject section */

/* Begin PBXResourcesBuildPhase section */
		C5AF6DC92B8B7554001AED85 /* Resources */ = {
			isa = PBXResourcesBuildPhase;
			buildActionMask = 2147483647;
			files = (
				C5AF6DD62B8B7556001AED85 /* Preview Assets.xcassets in Resources */,
				C5AF6DD32B8B7556001AED85 /* Assets.xcassets in Resources */,
			);
			runOnlyForDeploymentPostprocessing = 0;
		};
/* End PBXResourcesBuildPhase section */

/* Begin PBXSourcesBuildPhase section */
		C5AF6DC72B8B7554001AED85 /* Sources */ = {
			isa = PBXSourcesBuildPhase;
			buildActionMask = 2147483647;
			files = (
				C5AF6DEC2B8B7F66001AED85 /* Header.swift in Sources */,
				C5AF6DEE2B8B8054001AED85 /* VisitCard.swift in Sources */,
				C5AF6DF02B8BA3E5001AED85 /*  SearchBar.swift in Sources */,
				C5AF6DF82B8BB5D9001AED85 /* DoctorsLocation.swift in Sources */,
				C5AF6DEA2B8B7EA4001AED85 /* NextVisit.swift in Sources */,
				C5AF6DE12B8B7AD3001AED85 /* MainScreen.swift in Sources */,
				C5AF6DCF2B8B7554001AED85 /* IosNeymishevApp.swift in Sources */,
				C5AF6DF62B8BB5A6001AED85 /* DoctorLocation.swift in Sources */,
				C5AF6DF22B8BA6A2001AED85 /* ServiceCard.swift in Sources */,
			);
			runOnlyForDeploymentPostprocessing = 0;
		};
/* End PBXSourcesBuildPhase section */

/* Begin XCBuildConfiguration section */
		C5AF6DD72B8B7556001AED85 /* Debug */ = {
			isa = XCBuildConfiguration;
			buildSettings = {
				ALWAYS_SEARCH_USER_PATHS = NO;
				CLANG_ANALYZER_NONNULL = YES;
				CLANG_ANALYZER_NUMBER_OBJECT_CONVERSION = YES_AGGRESSIVE;
				CLANG_CXX_LANGUAGE_STANDARD = "gnu++17";
				CLANG_ENABLE_MODULES = YES;
				CLANG_ENABLE_OBJC_ARC = YES;
				CLANG_ENABLE_OBJC_WEAK = YES;
				CLANG_WARN_BLOCK_CAPTURE_AUTORELEASING = YES;
				CLANG_WARN_BOOL_CONVERSION = YES;
				CLANG_WARN_COMMA = YES;
				CLANG_WARN_CONSTANT_CONVERSION = YES;
				CLANG_WARN_DEPRECATED_OBJC_IMPLEMENTATIONS = YES;
				CLANG_WARN_DIRECT_OBJC_ISA_USAGE = YES_ERROR;
				CLANG_WARN_DOCUMENTATION_COMMENTS = YES;
				CLANG_WARN_EMPTY_BODY = YES;
				CLANG_WARN_ENUM_CONVERSION = YES;
				CLANG_WARN_INFINITE_RECURSION = YES;
				CLANG_WARN_INT_CONVERSION = YES;
				CLANG_WARN_NON_LITERAL_NULL_CONVERSION = YES;
				CLANG_WARN_OBJC_IMPLICIT_RETAIN_SELF = YES;
				CLANG_WARN_OBJC_LITERAL_CONVERSION = YES;
				CLANG_WARN_OBJC_ROOT_CLASS = YES_ERROR;
				CLANG_WARN_QUOTED_INCLUDE_IN_FRAMEWORK_HEADER = YES;
				CLANG_WARN_RANGE_LOOP_ANALYSIS = YES;
				CLANG_WARN_STRICT_PROTOTYPES = YES;
				CLANG_WARN_SUSPICIOUS_MOVE = YES;
				CLANG_WARN_UNGUARDED_AVAILABILITY = YES_AGGRESSIVE;
				CLANG_WARN_UNREACHABLE_CODE = YES;
				CLANG_WARN__DUPLICATE_METHOD_MATCH = YES;
				COPY_PHASE_STRIP = NO;
				DEBUG_INFORMATION_FORMAT = dwarf;
				ENABLE_STRICT_OBJC_MSGSEND = YES;
				ENABLE_TESTABILITY = YES;
				GCC_C_LANGUAGE_STANDARD = gnu11;
				GCC_DYNAMIC_NO_PIC = NO;
				GCC_NO_COMMON_BLOCKS = YES;
				GCC_OPTIMIZATION_LEVEL = 0;
				GCC_PREPROCESSOR_DEFINITIONS = (
					"DEBUG=1",
					"$(inherited)",
				);
				GCC_WARN_64_TO_32_BIT_CONVERSION = YES;
				GCC_WARN_ABOUT_RETURN_TYPE = YES_ERROR;
				GCC_WARN_UNDECLARED_SELECTOR = YES;
				GCC_WARN_UNINITIALIZED_AUTOS = YES_AGGRESSIVE;
				GCC_WARN_UNUSED_FUNCTION = YES;
				GCC_WARN_UNUSED_VARIABLE = YES;
				IPHONEOS_DEPLOYMENT_TARGET = 15.4;
				MTL_ENABLE_DEBUG_INFO = INCLUDE_SOURCE;
				MTL_FAST_MATH = YES;
				ONLY_ACTIVE_ARCH = YES;
				SDKROOT = iphoneos;
				SWIFT_ACTIVE_COMPILATION_CONDITIONS = DEBUG;
				SWIFT_OPTIMIZATION_LEVEL = "-Onone";
			};
			name = Debug;
		};
		C5AF6DD82B8B7556001AED85 /* Release */ = {
			isa = XCBuildConfiguration;
			buildSettings = {
				ALWAYS_SEARCH_USER_PATHS = NO;
				CLANG_ANALYZER_NONNULL = YES;
				CLANG_ANALYZER_NUMBER_OBJECT_CONVERSION = YES_AGGRESSIVE;
				CLANG_CXX_LANGUAGE_STANDARD = "gnu++17";
				CLANG_ENABLE_MODULES = YES;
				CLANG_ENABLE_OBJC_ARC = YES;
				CLANG_ENABLE_OBJC_WEAK = YES;
				CLANG_WARN_BLOCK_CAPTURE_AUTORELEASING = YES;
				CLANG_WARN_BOOL_CONVERSION = YES;
				CLANG_WARN_COMMA = YES;
				CLANG_WARN_CONSTANT_CONVERSION = YES;
				CLANG_WARN_DEPRECATED_OBJC_IMPLEMENTATIONS = YES;
				CLANG_WARN_DIRECT_OBJC_ISA_USAGE = YES_ERROR;
				CLANG_WARN_DOCUMENTATION_COMMENTS = YES;
				CLANG_WARN_EMPTY_BODY = YES;
				CLANG_WARN_ENUM_CONVERSION = YES;
				CLANG_WARN_INFINITE_RECURSION = YES;
				CLANG_WARN_INT_CONVERSION = YES;
				CLANG_WARN_NON_LITERAL_NULL_CONVERSION = YES;
				CLANG_WARN_OBJC_IMPLICIT_RETAIN_SELF = YES;
				CLANG_WARN_OBJC_LITERAL_CONVERSION = YES;
				CLANG_WARN_OBJC_ROOT_CLASS = YES_ERROR;
				CLANG_WARN_QUOTED_INCLUDE_IN_FRAMEWORK_HEADER = YES;
				CLANG_WARN_RANGE_LOOP_ANALYSIS = YES;
				CLANG_WARN_STRICT_PROTOTYPES = YES;
				CLANG_WARN_SUSPICIOUS_MOVE = YES;
				CLANG_WARN_UNGUARDED_AVAILABILITY = YES_AGGRESSIVE;
				CLANG_WARN_UNREACHABLE_CODE = YES;
				CLANG_WARN__DUPLICATE_METHOD_MATCH = YES;
				COPY_PHASE_STRIP = NO;
				DEBUG_INFORMATION_FORMAT = "dwarf-with-dsym";
				ENABLE_NS_ASSERTIONS = NO;
				ENABLE_STRICT_OBJC_MSGSEND = YES;
				GCC_C_LANGUAGE_STANDARD = gnu11;
				GCC_NO_COMMON_BLOCKS = YES;
				GCC_WARN_64_TO_32_BIT_CONVERSION = YES;
				GCC_WARN_ABOUT_RETURN_TYPE = YES_ERROR;
				GCC_WARN_UNDECLARED_SELECTOR = YES;
				GCC_WARN_UNINITIALIZED_AUTOS = YES_AGGRESSIVE;
				GCC_WARN_UNUSED_FUNCTION = YES;
				GCC_WARN_UNUSED_VARIABLE = YES;
				IPHONEOS_DEPLOYMENT_TARGET = 15.4;
				MTL_ENABLE_DEBUG_INFO = NO;
				MTL_FAST_MATH = YES;
				SDKROOT = iphoneos;
				SWIFT_COMPILATION_MODE = wholemodule;
				SWIFT_OPTIMIZATION_LEVEL = "-O";
				VALIDATE_PRODUCT = YES;
			};
			name = Release;
		};
		C5AF6DDA2B8B7556001AED85 /* Debug */ = {
			isa = XCBuildConfiguration;
			buildSettings = {
				ASSETCATALOG_COMPILER_APPICON_NAME = AppIcon;
				ASSETCATALOG_COMPILER_GLOBAL_ACCENT_COLOR_NAME = AccentColor;
				CODE_SIGN_STYLE = Automatic;
				CURRENT_PROJECT_VERSION = 1;
				DEVELOPMENT_ASSET_PATHS = "\"IosNeymishev/Preview Content\"";
				DEVELOPMENT_TEAM = QSMPQM84GC;
				ENABLE_PREVIEWS = YES;
				GENERATE_INFOPLIST_FILE = YES;
				INFOPLIST_KEY_UIApplicationSceneManifest_Generation = YES;
				INFOPLIST_KEY_UIApplicationSupportsIndirectInputEvents = YES;
				INFOPLIST_KEY_UILaunchScreen_Generation = YES;
				INFOPLIST_KEY_UISupportedInterfaceOrientations_iPad = "UIInterfaceOrientationPortrait UIInterfaceOrientationPortraitUpsideDown UIInterfaceOrientationLandscapeLeft UIInterfaceOrientationLandscapeRight";
				INFOPLIST_KEY_UISupportedInterfaceOrientations_iPhone = "UIInterfaceOrientationPortrait UIInterfaceOrientationLandscapeLeft UIInterfaceOrientationLandscapeRight";
				LD_RUNPATH_SEARCH_PATHS = (
					"$(inherited)",
					"@executable_path/Frameworks",
				);
				MARKETING_VERSION = 1.0;
				PRODUCT_BUNDLE_IDENTIFIER = com.IosNeymishev;
				PRODUCT_NAME = "$(TARGET_NAME)";
				SWIFT_EMIT_LOC_STRINGS = YES;
				SWIFT_VERSION = 5.0;
				TARGETED_DEVICE_FAMILY = "1,2";
			};
			name = Debug;
		};
		C5AF6DDB2B8B7556001AED85 /* Release */ = {
			isa = XCBuildConfiguration;
			buildSettings = {
				ASSETCATALOG_COMPILER_APPICON_NAME = AppIcon;
				ASSETCATALOG_COMPILER_GLOBAL_ACCENT_COLOR_NAME = AccentColor;
				CODE_SIGN_STYLE = Automatic;
				CURRENT_PROJECT_VERSION = 1;
				DEVELOPMENT_ASSET_PATHS = "\"IosNeymishev/Preview Content\"";
				DEVELOPMENT_TEAM = QSMPQM84GC;
				ENABLE_PREVIEWS = YES;
				GENERATE_INFOPLIST_FILE = YES;
				INFOPLIST_KEY_UIApplicationSceneManifest_Generation = YES;
				INFOPLIST_KEY_UIApplicationSupportsIndirectInputEvents = YES;
				INFOPLIST_KEY_UILaunchScreen_Generation = YES;
				INFOPLIST_KEY_UISupportedInterfaceOrientations_iPad = "UIInterfaceOrientationPortrait UIInterfaceOrientationPortraitUpsideDown UIInterfaceOrientationLandscapeLeft UIInterfaceOrientationLandscapeRight";
				INFOPLIST_KEY_UISupportedInterfaceOrientations_iPhone = "UIInterfaceOrientationPortrait UIInterfaceOrientationLandscapeLeft UIInterfaceOrientationLandscapeRight";
				LD_RUNPATH_SEARCH_PATHS = (
					"$(inherited)",
					"@executable_path/Frameworks",
				);
				MARKETING_VERSION = 1.0;
				PRODUCT_BUNDLE_IDENTIFIER = com.IosNeymishev;
				PRODUCT_NAME = "$(TARGET_NAME)";
				SWIFT_EMIT_LOC_STRINGS = YES;
				SWIFT_VERSION = 5.0;
				TARGETED_DEVICE_FAMILY = "1,2";
			};
			name = Release;
		};
/* End XCBuildConfiguration section */

/* Begin XCConfigurationList section */
		C5AF6DC62B8B7554001AED85 /* Build configuration list for PBXProject "IosNeymishev" */ = {
			isa = XCConfigurationList;
			buildConfigurations = (
				C5AF6DD72B8B7556001AED85 /* Debug */,
				C5AF6DD82B8B7556001AED85 /* Release */,
			);
			defaultConfigurationIsVisible = 0;
			defaultConfigurationName = Release;
		};
		C5AF6DD92B8B7556001AED85 /* Build configuration list for PBXNativeTarget "IosNeymishev" */ = {
			isa = XCConfigurationList;
			buildConfigurations = (
				C5AF6DDA2B8B7556001AED85 /* Debug */,
				C5AF6DDB2B8B7556001AED85 /* Release */,
			);
			defaultConfigurationIsVisible = 0;
			defaultConfigurationName = Release;
		};
/* End XCConfigurationList section */
	};
	rootObject = C5AF6DC32B8B7554001AED85 /* Project object */;
}
